
Microsoft Visual Studio Solution File, Format Version 12.00
# Visual Studio Version 17
VisualStudioVersion = 17.10.35013.160
MinimumVisualStudioVersion = 10.0.40219.1
Project("{FAE04EC0-301F-11D3-BF4B-00C04F79EFBC}") = "HotelManagementSystem", "HotelManagementSystem\HotelManagementSystem.csproj", "{5B2910C0-4B43-4C50-8297-65F343006EB3}"
EndProject
Global
	GlobalSection(SolutionConfigurationPlatforms) = preSolution
		Debug|Any CPU = Debug|Any CPU
		Release|Any CPU = Release|Any CPU
	EndGlobalSection
	GlobalSection(ProjectConfigurationPlatforms) = postSolution
		{5B2910C0-4B43-4C50-8297-65F343006EB3}.Debug|Any CPU.ActiveCfg = Debug|Any CPU
		{5B2910C0-4B43-4C50-8297-65F343006EB3}.Debug|Any CPU.Build.0 = Debug|Any CPU
		{5B2910C0-4B43-4C50-8297-65F343006EB3}.Release|Any CPU.ActiveCfg = Release|Any CPU
		{5B2910C0-4B43-4C50-8297-65F343006EB3}.Release|Any CPU.Build.0 = Release|Any CPU
	EndGlobalSection
	GlobalSection(SolutionProperties) = preSolution
		HideSolutionNode = FALSE
	EndGlobalSection
	GlobalSection(ExtensibilityGlobals) = postSolution
		SolutionGuid = {56124A87-4315-43B5-90DF-E2B131948034}
	EndGlobalSection
EndGlobal
